
Microsoft Visual Studio Solution File, Format Version 12.00
# Visual Studio Version 17
VisualStudioVersion = 17.9.34728.123
MinimumVisualStudioVersion = 10.0.40219.1
Project("{FAE04EC0-301F-11D3-BF4B-00C04F79EFBC}") = "CLC Milestone 1", "CLC Milestone 1\CLC Milestone 1.csproj", "{CDAB6D9B-3793-4DE9-A8CD-3F5BCA433D85}"
EndProject
Global
	GlobalSection(SolutionConfigurationPlatforms) = preSolution
		Debug|Any CPU = Debug|Any CPU
		Release|Any CPU = Release|Any CPU
	EndGlobalSection
	GlobalSection(ProjectConfigurationPlatforms) = postSolution
		{CDAB6D9B-3793-4DE9-A8CD-3F5BCA433D85}.Debug|Any CPU.ActiveCfg = Debug|Any CPU
		{CDAB6D9B-3793-4DE9-A8CD-3F5BCA433D85}.Debug|Any CPU.Build.0 = Debug|Any CPU
		{CDAB6D9B-3793-4DE9-A8CD-3F5BCA433D85}.Release|Any CPU.ActiveCfg = Release|Any CPU
		{CDAB6D9B-3793-4DE9-A8CD-3F5BCA433D85}.Release|Any CPU.Build.0 = Release|Any CPU
	EndGlobalSection
	GlobalSection(SolutionProperties) = preSolution
		HideSolutionNode = FALSE
	EndGlobalSection
	GlobalSection(ExtensibilityGlobals) = postSolution
		SolutionGuid = {CBF939AD-A4BE-4340-ADE2-7962AB814ED1}
	EndGlobalSection
EndGlobal
